// !$*UTF8*$!
{
	archiveVersion = 1;
	classes = {
	};
	objectVersion = 56;
	objects = {

/* Begin PBXBuildFile section */
		3AF089872B33518A00F70136 /* RickMortyDemoApp.swift in Sources */ = {isa = PBXBuildFile; fileRef = 3AF089862B33518A00F70136 /* RickMortyDemoApp.swift */; };
		3AF089892B33518A00F70136 /* ContentView.swift in Sources */ = {isa = PBXBuildFile; fileRef = 3AF089882B33518A00F70136 /* ContentView.swift */; };
		3AF0898B2B33518A00F70136 /* Item.swift in Sources */ = {isa = PBXBuildFile; fileRef = 3AF0898A2B33518A00F70136 /* Item.swift */; };
		3AF0898D2B33518C00F70136 /* Assets.xcassets in Resources */ = {isa = PBXBuildFile; fileRef = 3AF0898C2B33518C00F70136 /* Assets.xcassets */; };
		3AF089902B33518C00F70136 /* Preview Assets.xcassets in Resources */ = {isa = PBXBuildFile; fileRef = 3AF0898F2B33518C00F70136 /* Preview Assets.xcassets */; };
		3AF0899A2B33518D00F70136 /* RickMortyDemoTests.swift in Sources */ = {isa = PBXBuildFile; fileRef = 3AF089992B33518D00F70136 /* RickMortyDemoTests.swift */; };
		3AF089A42B33518D00F70136 /* RickMortyDemoUITests.swift in Sources */ = {isa = PBXBuildFile; fileRef = 3AF089A32B33518D00F70136 /* RickMortyDemoUITests.swift */; };
		3AF089A62B33518D00F70136 /* RickMortyDemoUITestsLaunchTests.swift in Sources */ = {isa = PBXBuildFile; fileRef = 3AF089A52B33518D00F70136 /* RickMortyDemoUITestsLaunchTests.swift */; };
/* End PBXBuildFile section */

/* Begin PBXContainerItemProxy section */
		3AF089962B33518D00F70136 /* PBXContainerItemProxy */ = {
			isa = PBXContainerItemProxy;
			containerPortal = 3AF0897B2B33518A00F70136 /* Project object */;
			proxyType = 1;
			remoteGlobalIDString = 3AF089822B33518A00F70136;
			remoteInfo = RickMortyDemo;
		};
		3AF089A02B33518D00F70136 /* PBXContainerItemProxy */ = {
			isa = PBXContainerItemProxy;
			containerPortal = 3AF0897B2B33518A00F70136 /* Project object */;
			proxyType = 1;
			remoteGlobalIDString = 3AF089822B33518A00F70136;
			remoteInfo = RickMortyDemo;
		};
/* End PBXContainerItemProxy section */

/* Begin PBXFileReference section */
		3AF089832B33518A00F70136 /* RickMortyDemo.app */ = {isa = PBXFileReference; explicitFileType = wrapper.application; includeInIndex = 0; path = RickMortyDemo.app; sourceTree = BUILT_PRODUCTS_DIR; };
		3AF089862B33518A00F70136 /* RickMortyDemoApp.swift */ = {isa = PBXFileReference; lastKnownFileType = sourcecode.swift; path = RickMortyDemoApp.swift; sourceTree = "<group>"; };
		3AF089882B33518A00F70136 /* ContentView.swift */ = {isa = PBXFileReference; lastKnownFileType = sourcecode.swift; path = ContentView.swift; sourceTree = "<group>"; };
		3AF0898A2B33518A00F70136 /* Item.swift */ = {isa = PBXFileReference; lastKnownFileType = sourcecode.swift; path = Item.swift; sourceTree = "<group>"; };
		3AF0898C2B33518C00F70136 /* Assets.xcassets */ = {isa = PBXFileReference; lastKnownFileType = folder.assetcatalog; path = Assets.xcassets; sourceTree = "<group>"; };
		3AF0898F2B33518C00F70136 /* Preview Assets.xcassets */ = {isa = PBXFileReference; lastKnownFileType = folder.assetcatalog; path = "Preview Assets.xcassets"; sourceTree = "<group>"; };
		3AF089952B33518D00F70136 /* RickMortyDemoTests.xctest */ = {isa = PBXFileReference; explicitFileType = wrapper.cfbundle; includeInIndex = 0; path = RickMortyDemoTests.xctest; sourceTree = BUILT_PRODUCTS_DIR; };
		3AF089992B33518D00F70136 /* RickMortyDemoTests.swift */ = {isa = PBXFileReference; lastKnownFileType = sourcecode.swift; path = RickMortyDemoTests.swift; sourceTree = "<group>"; };
		3AF0899F2B33518D00F70136 /* RickMortyDemoUITests.xctest */ = {isa = PBXFileReference; explicitFileType = wrapper.cfbundle; includeInIndex = 0; path = RickMortyDemoUITests.xctest; sourceTree = BUILT_PRODUCTS_DIR; };
		3AF089A32B33518D00F70136 /* RickMortyDemoUITests.swift */ = {isa = PBXFileReference; lastKnownFileType = sourcecode.swift; path = RickMortyDemoUITests.swift; sourceTree = "<group>"; };
		3AF089A52B33518D00F70136 /* RickMortyDemoUITestsLaunchTests.swift */ = {isa = PBXFileReference; lastKnownFileType = sourcecode.swift; path = RickMortyDemoUITestsLaunchTests.swift; sourceTree = "<group>"; };
/* End PBXFileReference section */

/* Begin PBXFrameworksBuildPhase section */
		3AF089802B33518A00F70136 /* Frameworks */ = {
			isa = PBXFrameworksBuildPhase;
			buildActionMask = 2147483647;
			files = (
			);
			runOnlyForDeploymentPostprocessing = 0;
		};
		3AF089922B33518D00F70136 /* Frameworks */ = {
			isa = PBXFrameworksBuildPhase;
			buildActionMask = 2147483647;
			files = (
			);
			runOnlyForDeploymentPostprocessing = 0;
		};
		3AF0899C2B33518D00F70136 /* Frameworks */ = {
			isa = PBXFrameworksBuildPhase;
			buildActionMask = 2147483647;
			files = (
			);
			runOnlyForDeploymentPostprocessing = 0;
		};
/* End PBXFrameworksBuildPhase section */

/* Begin PBXGroup section */
		3AF0897A2B33518A00F70136 = {
			isa = PBXGroup;
			children = (
				3AF089852B33518A00F70136 /* RickMortyDemo */,
				3AF089982B33518D00F70136 /* RickMortyDemoTests */,
				3AF089A22B33518D00F70136 /* RickMortyDemoUITests */,
				3AF089842B33518A00F70136 /* Products */,
			);
			sourceTree = "<group>";
		};
		3AF089842B33518A00F70136 /* Products */ = {
			isa = PBXGroup;
			children = (
				3AF089832B33518A00F70136 /* RickMortyDemo.app */,
				3AF089952B33518D00F70136 /* RickMortyDemoTests.xctest */,
				3AF0899F2B33518D00F70136 /* RickMortyDemoUITests.xctest */,
			);
			name = Products;
			sourceTree = "<group>";
		};
		3AF089852B33518A00F70136 /* RickMortyDemo */ = {
			isa = PBXGroup;
			children = (
				3AF089862B33518A00F70136 /* RickMortyDemoApp.swift */,
				3AF089882B33518A00F70136 /* ContentView.swift */,
				3AF0898A2B33518A00F70136 /* Item.swift */,
				3AF0898C2B33518C00F70136 /* Assets.xcassets */,
				3AF0898E2B33518C00F70136 /* Preview Content */,
			);
			path = RickMortyDemo;
			sourceTree = "<group>";
		};
		3AF0898E2B33518C00F70136 /* Preview Content */ = {
			isa = PBXGroup;
			children = (
				3AF0898F2B33518C00F70136 /* Preview Assets.xcassets */,
			);
			path = "Preview Content";
			sourceTree = "<group>";
		};
		3AF089982B33518D00F70136 /* RickMortyDemoTests */ = {
			isa = PBXGroup;
			children = (
				3AF089992B33518D00F70136 /* RickMortyDemoTests.swift */,
			);
			path = RickMortyDemoTests;
			sourceTree = "<group>";
		};
		3AF089A22B33518D00F70136 /* RickMortyDemoUITests */ = {
			isa = PBXGroup;
			children = (
				3AF089A32B33518D00F70136 /* RickMortyDemoUITests.swift */,
				3AF089A52B33518D00F70136 /* RickMortyDemoUITestsLaunchTests.swift */,
			);
			path = RickMortyDemoUITests;
			sourceTree = "<group>";
		};
/* End PBXGroup section */

/* Begin PBXNativeTarget section */
		3AF089822B33518A00F70136 /* RickMortyDemo */ = {
			isa = PBXNativeTarget;
			buildConfigurationList = 3AF089A92B33518D00F70136 /* Build configuration list for PBXNativeTarget "RickMortyDemo" */;
			buildPhases = (
				3AF0897F2B33518A00F70136 /* Sources */,
				3AF089802B33518A00F70136 /* Frameworks */,
				3AF089812B33518A00F70136 /* Resources */,
			);
			buildRules = (
			);
			dependencies = (
			);
			name = RickMortyDemo;
			productName = RickMortyDemo;
			productReference = 3AF089832B33518A00F70136 /* RickMortyDemo.app */;
			productType = "com.apple.product-type.application";
		};
		3AF089942B33518D00F70136 /* RickMortyDemoTests */ = {
			isa = PBXNativeTarget;
			buildConfigurationList = 3AF089AC2B33518D00F70136 /* Build configuration list for PBXNativeTarget "RickMortyDemoTests" */;
			buildPhases = (
				3AF089912B33518D00F70136 /* Sources */,
				3AF089922B33518D00F70136 /* Frameworks */,
				3AF089932B33518D00F70136 /* Resources */,
			);
			buildRules = (
			);
			dependencies = (
				3AF089972B33518D00F70136 /* PBXTargetDependency */,
			);
			name = RickMortyDemoTests;
			productName = RickMortyDemoTests;
			productReference = 3AF089952B33518D00F70136 /* RickMortyDemoTests.xctest */;
			productType = "com.apple.product-type.bundle.unit-test";
		};
		3AF0899E2B33518D00F70136 /* RickMortyDemoUITests */ = {
			isa = PBXNativeTarget;
			buildConfigurationList = 3AF089AF2B33518D00F70136 /* Build configuration list for PBXNativeTarget "RickMortyDemoUITests" */;
			buildPhases = (
				3AF0899B2B33518D00F70136 /* Sources */,
				3AF0899C2B33518D00F70136 /* Frameworks */,
				3AF0899D2B33518D00F70136 /* Resources */,
			);
			buildRules = (
			);
			dependencies = (
				3AF089A12B33518D00F70136 /* PBXTargetDependency */,
			);
			name = RickMortyDemoUITests;
			productName = RickMortyDemoUITests;
			productReference = 3AF0899F2B33518D00F70136 /* RickMortyDemoUITests.xctest */;
			productType = "com.apple.product-type.bundle.ui-testing";
		};
/* End PBXNativeTarget section */

/* Begin PBXProject section */
		3AF0897B2B33518A00F70136 /* Project object */ = {
			isa = PBXProject;
			attributes = {
				BuildIndependentTargetsInParallel = 1;
				LastSwiftUpdateCheck = 1510;
				LastUpgradeCheck = 1510;
				TargetAttributes = {
					3AF089822B33518A00F70136 = {
						CreatedOnToolsVersion = 15.1;
					};
					3AF089942B33518D00F70136 = {
						CreatedOnToolsVersion = 15.1;
						TestTargetID = 3AF089822B33518A00F70136;
					};
					3AF0899E2B33518D00F70136 = {
						CreatedOnToolsVersion = 15.1;
						TestTargetID = 3AF089822B33518A00F70136;
					};
				};
			};
			buildConfigurationList = 3AF0897E2B33518A00F70136 /* Build configuration list for PBXProject "RickMortyDemo" */;
			compatibilityVersion = "Xcode 14.0";
			developmentRegion = en;
			hasScannedForEncodings = 0;
			knownRegions = (
				en,
				Base,
			);
			mainGroup = 3AF0897A2B33518A00F70136;
			productRefGroup = 3AF089842B33518A00F70136 /* Products */;
			projectDirPath = "";
			projectRoot = "";
			targets = (
				3AF089822B33518A00F70136 /* RickMortyDemo */,
				3AF089942B33518D00F70136 /* RickMortyDemoTests */,
				3AF0899E2B33518D00F70136 /* RickMortyDemoUITests */,
			);
		};
/* End PBXProject section */

/* Begin PBXResourcesBuildPhase section */
		3AF089812B33518A00F70136 /* Resources */ = {
			isa = PBXResourcesBuildPhase;
			buildActionMask = 2147483647;
			files = (
				3AF089902B33518C00F70136 /* Preview Assets.xcassets in Resources */,
				3AF0898D2B33518C00F70136 /* Assets.xcassets in Resources */,
			);
			runOnlyForDeploymentPostprocessing = 0;
		};
		3AF089932B33518D00F70136 /* Resources */ = {
			isa = PBXResourcesBuildPhase;
			buildActionMask = 2147483647;
			files = (
			);
			runOnlyForDeploymentPostprocessing = 0;
		};
		3AF0899D2B33518D00F70136 /* Resources */ = {
			isa = PBXResourcesBuildPhase;
			buildActionMask = 2147483647;
			files = (
			);
			runOnlyForDeploymentPostprocessing = 0;
		};
/* End PBXResourcesBuildPhase section */

/* Begin PBXSourcesBuildPhase section */
		3AF0897F2B33518A00F70136 /* Sources */ = {
			isa = PBXSourcesBuildPhase;
			buildActionMask = 2147483647;
			files = (
				3AF089892B33518A00F70136 /* ContentView.swift in Sources */,
				3AF0898B2B33518A00F70136 /* Item.swift in Sources */,
				3AF089872B33518A00F70136 /* RickMortyDemoApp.swift in Sources */,
			);
			runOnlyForDeploymentPostprocessing = 0;
		};
		3AF089912B33518D00F70136 /* Sources */ = {
			isa = PBXSourcesBuildPhase;
			buildActionMask = 2147483647;
			files = (
				3AF0899A2B33518D00F70136 /* RickMortyDemoTests.swift in Sources */,
			);
			runOnlyForDeploymentPostprocessing = 0;
		};
		3AF0899B2B33518D00F70136 /* Sources */ = {
			isa = PBXSourcesBuildPhase;
			buildActionMask = 2147483647;
			files = (
				3AF089A62B33518D00F70136 /* RickMortyDemoUITestsLaunchTests.swift in Sources */,
				3AF089A42B33518D00F70136 /* RickMortyDemoUITests.swift in Sources */,
			);
			runOnlyForDeploymentPostprocessing = 0;
		};
/* End PBXSourcesBuildPhase section */

/* Begin PBXTargetDependency section */
		3AF089972B33518D00F70136 /* PBXTargetDependency */ = {
			isa = PBXTargetDependency;
			target = 3AF089822B33518A00F70136 /* RickMortyDemo */;
			targetProxy = 3AF089962B33518D00F70136 /* PBXContainerItemProxy */;
		};
		3AF089A12B33518D00F70136 /* PBXTargetDependency */ = {
			isa = PBXTargetDependency;
			target = 3AF089822B33518A00F70136 /* RickMortyDemo */;
			targetProxy = 3AF089A02B33518D00F70136 /* PBXContainerItemProxy */;
		};
/* End PBXTargetDependency section */

/* Begin XCBuildConfiguration section */
		3AF089A72B33518D00F70136 /* Debug */ = {
			isa = XCBuildConfiguration;
			buildSettings = {
				ALWAYS_SEARCH_USER_PATHS = NO;
				ASSETCATALOG_COMPILER_GENERATE_SWIFT_ASSET_SYMBOL_EXTENSIONS = YES;
				CLANG_ANALYZER_NONNULL = YES;
				CLANG_ANALYZER_NUMBER_OBJECT_CONVERSION = YES_AGGRESSIVE;
				CLANG_CXX_LANGUAGE_STANDARD = "gnu++20";
				CLANG_ENABLE_MODULES = YES;
				CLANG_ENABLE_OBJC_ARC = YES;
				CLANG_ENABLE_OBJC_WEAK = YES;
				CLANG_WARN_BLOCK_CAPTURE_AUTORELEASING = YES;
				CLANG_WARN_BOOL_CONVERSION = YES;
				CLANG_WARN_COMMA = YES;
				CLANG_WARN_CONSTANT_CONVERSION = YES;
				CLANG_WARN_DEPRECATED_OBJC_IMPLEMENTATIONS = YES;
				CLANG_WARN_DIRECT_OBJC_ISA_USAGE = YES_ERROR;
				CLANG_WARN_DOCUMENTATION_COMMENTS = YES;
				CLANG_WARN_EMPTY_BODY = YES;
				CLANG_WARN_ENUM_CONVERSION = YES;
				CLANG_WARN_INFINITE_RECURSION = YES;
				CLANG_WARN_INT_CONVERSION = YES;
				CLANG_WARN_NON_LITERAL_NULL_CONVERSION = YES;
				CLANG_WARN_OBJC_IMPLICIT_RETAIN_SELF = YES;
				CLANG_WARN_OBJC_LITERAL_CONVERSION = YES;
				CLANG_WARN_OBJC_ROOT_CLASS = YES_ERROR;
				CLANG_WARN_QUOTED_INCLUDE_IN_FRAMEWORK_HEADER = YES;
				CLANG_WARN_RANGE_LOOP_ANALYSIS = YES;
				CLANG_WARN_STRICT_PROTOTYPES = YES;
				CLANG_WARN_SUSPICIOUS_MOVE = YES;
				CLANG_WARN_UNGUARDED_AVAILABILITY = YES_AGGRESSIVE;
				CLANG_WARN_UNREACHABLE_CODE = YES;
				CLANG_WARN__DUPLICATE_METHOD_MATCH = YES;
				COPY_PHASE_STRIP = NO;
				DEBUG_INFORMATION_FORMAT = dwarf;
				ENABLE_STRICT_OBJC_MSGSEND = YES;
				ENABLE_TESTABILITY = YES;
				ENABLE_USER_SCRIPT_SANDBOXING = YES;
				GCC_C_LANGUAGE_STANDARD = gnu17;
				GCC_DYNAMIC_NO_PIC = NO;
				GCC_NO_COMMON_BLOCKS = YES;
				GCC_OPTIMIZATION_LEVEL = 0;
				GCC_PREPROCESSOR_DEFINITIONS = (
					"DEBUG=1",
					"$(inherited)",
				);
				GCC_WARN_64_TO_32_BIT_CONVERSION = YES;
				GCC_WARN_ABOUT_RETURN_TYPE = YES_ERROR;
				GCC_WARN_UNDECLARED_SELECTOR = YES;
				GCC_WARN_UNINITIALIZED_AUTOS = YES_AGGRESSIVE;
				GCC_WARN_UNUSED_FUNCTION = YES;
				GCC_WARN_UNUSED_VARIABLE = YES;
				IPHONEOS_DEPLOYMENT_TARGET = 17.2;
				LOCALIZATION_PREFERS_STRING_CATALOGS = YES;
				MTL_ENABLE_DEBUG_INFO = INCLUDE_SOURCE;
				MTL_FAST_MATH = YES;
				ONLY_ACTIVE_ARCH = YES;
				SDKROOT = iphoneos;
				SWIFT_ACTIVE_COMPILATION_CONDITIONS = "DEBUG $(inherited)";
				SWIFT_OPTIMIZATION_LEVEL = "-Onone";
			};
			name = Debug;
		};
		3AF089A82B33518D00F70136 /* Release */ = {
			isa = XCBuildConfiguration;
			buildSettings = {
				ALWAYS_SEARCH_USER_PATHS = NO;
				ASSETCATALOG_COMPILER_GENERATE_SWIFT_ASSET_SYMBOL_EXTENSIONS = YES;
				CLANG_ANALYZER_NONNULL = YES;
				CLANG_ANALYZER_NUMBER_OBJECT_CONVERSION = YES_AGGRESSIVE;
				CLANG_CXX_LANGUAGE_STANDARD = "gnu++20";
				CLANG_ENABLE_MODULES = YES;
				CLANG_ENABLE_OBJC_ARC = YES;
				CLANG_ENABLE_OBJC_WEAK = YES;
				CLANG_WARN_BLOCK_CAPTURE_AUTORELEASING = YES;
				CLANG_WARN_BOOL_CONVERSION = YES;
				CLANG_WARN_COMMA = YES;
				CLANG_WARN_CONSTANT_CONVERSION = YES;
				CLANG_WARN_DEPRECATED_OBJC_IMPLEMENTATIONS = YES;
				CLANG_WARN_DIRECT_OBJC_ISA_USAGE = YES_ERROR;
				CLANG_WARN_DOCUMENTATION_COMMENTS = YES;
				CLANG_WARN_EMPTY_BODY = YES;
				CLANG_WARN_ENUM_CONVERSION = YES;
				CLANG_WARN_INFINITE_RECURSION = YES;
				CLANG_WARN_INT_CONVERSION = YES;
				CLANG_WARN_NON_LITERAL_NULL_CONVERSION = YES;
				CLANG_WARN_OBJC_IMPLICIT_RETAIN_SELF = YES;
				CLANG_WARN_OBJC_LITERAL_CONVERSION = YES;
				CLANG_WARN_OBJC_ROOT_CLASS = YES_ERROR;
				CLANG_WARN_QUOTED_INCLUDE_IN_FRAMEWORK_HEADER = YES;
				CLANG_WARN_RANGE_LOOP_ANALYSIS = YES;
				CLANG_WARN_STRICT_PROTOTYPES = YES;
				CLANG_WARN_SUSPICIOUS_MOVE = YES;
				CLANG_WARN_UNGUARDED_AVAILABILITY = YES_AGGRESSIVE;
				CLANG_WARN_UNREACHABLE_CODE = YES;
				CLANG_WARN__DUPLICATE_METHOD_MATCH = YES;
				COPY_PHASE_STRIP = NO;
				DEBUG_INFORMATION_FORMAT = "dwarf-with-dsym";
				ENABLE_NS_ASSERTIONS = NO;
				ENABLE_STRICT_OBJC_MSGSEND = YES;
				ENABLE_USER_SCRIPT_SANDBOXING = YES;
				GCC_C_LANGUAGE_STANDARD = gnu17;
				GCC_NO_COMMON_BLOCKS = YES;
				GCC_WARN_64_TO_32_BIT_CONVERSION = YES;
				GCC_WARN_ABOUT_RETURN_TYPE = YES_ERROR;
				GCC_WARN_UNDECLARED_SELECTOR = YES;
				GCC_WARN_UNINITIALIZED_AUTOS = YES_AGGRESSIVE;
				GCC_WARN_UNUSED_FUNCTION = YES;
				GCC_WARN_UNUSED_VARIABLE = YES;
				IPHONEOS_DEPLOYMENT_TARGET = 17.2;
				LOCALIZATION_PREFERS_STRING_CATALOGS = YES;
				MTL_ENABLE_DEBUG_INFO = NO;
				MTL_FAST_MATH = YES;
				SDKROOT = iphoneos;
				SWIFT_COMPILATION_MODE = wholemodule;
				VALIDATE_PRODUCT = YES;
			};
			name = Release;
		};
		3AF089AA2B33518D00F70136 /* Debug */ = {
			isa = XCBuildConfiguration;
			buildSettings = {
				ASSETCATALOG_COMPILER_APPICON_NAME = AppIcon;
				ASSETCATALOG_COMPILER_GLOBAL_ACCENT_COLOR_NAME = AccentColor;
				CODE_SIGN_STYLE = Automatic;
				CURRENT_PROJECT_VERSION = 1;
				DEVELOPMENT_ASSET_PATHS = "\"RickMortyDemo/Preview Content\"";
				DEVELOPMENT_TEAM = 23N3747TFC;
				ENABLE_PREVIEWS = YES;
				GENERATE_INFOPLIST_FILE = YES;
				INFOPLIST_KEY_LSApplicationCategoryType = "public.app-category.education";
				INFOPLIST_KEY_UIApplicationSceneManifest_Generation = YES;
				INFOPLIST_KEY_UIApplicationSupportsIndirectInputEvents = YES;
				INFOPLIST_KEY_UILaunchScreen_Generation = YES;
				INFOPLIST_KEY_UISupportedInterfaceOrientations_iPad = "UIInterfaceOrientationPortrait UIInterfaceOrientationPortraitUpsideDown UIInterfaceOrientationLandscapeLeft UIInterfaceOrientationLandscapeRight";
				INFOPLIST_KEY_UISupportedInterfaceOrientations_iPhone = "UIInterfaceOrientationPortrait UIInterfaceOrientationLandscapeLeft UIInterfaceOrientationLandscapeRight";
				IPHONEOS_DEPLOYMENT_TARGET = 17.0;
				LD_RUNPATH_SEARCH_PATHS = (
					"$(inherited)",
					"@executable_path/Frameworks",
				);
				MARKETING_VERSION = 1.0;
				PRODUCT_BUNDLE_IDENTIFIER = com.amg.RickMortyDemo;
				PRODUCT_NAME = "$(TARGET_NAME)";
				SWIFT_EMIT_LOC_STRINGS = YES;
				SWIFT_VERSION = 5.0;
				TARGETED_DEVICE_FAMILY = "1,2";
			};
			name = Debug;
		};
		3AF089AB2B33518D00F70136 /* Release */ = {
			isa = XCBuildConfiguration;
			buildSettings = {
				ASSETCATALOG_COMPILER_APPICON_NAME = AppIcon;
				ASSETCATALOG_COMPILER_GLOBAL_ACCENT_COLOR_NAME = AccentColor;
				CODE_SIGN_STYLE = Automatic;
				CURRENT_PROJECT_VERSION = 1;
				DEVELOPMENT_ASSET_PATHS = "\"RickMortyDemo/Preview Content\"";
				DEVELOPMENT_TEAM = 23N3747TFC;
				ENABLE_PREVIEWS = YES;
				GENERATE_INFOPLIST_FILE = YES;
				INFOPLIST_KEY_LSApplicationCategoryType = "public.app-category.education";
				INFOPLIST_KEY_UIApplicationSceneManifest_Generation = YES;
				INFOPLIST_KEY_UIApplicationSupportsIndirectInputEvents = YES;
				INFOPLIST_KEY_UILaunchScreen_Generation = YES;
				INFOPLIST_KEY_UISupportedInterfaceOrientations_iPad = "UIInterfaceOrientationPortrait UIInterfaceOrientationPortraitUpsideDown UIInterfaceOrientationLandscapeLeft UIInterfaceOrientationLandscapeRight";
				INFOPLIST_KEY_UISupportedInterfaceOrientations_iPhone = "UIInterfaceOrientationPortrait UIInterfaceOrientationLandscapeLeft UIInterfaceOrientationLandscapeRight";
				IPHONEOS_DEPLOYMENT_TARGET = 17.0;
				LD_RUNPATH_SEARCH_PATHS = (
					"$(inherited)",
					"@executable_path/Frameworks",
				);
				MARKETING_VERSION = 1.0;
				PRODUCT_BUNDLE_IDENTIFIER = com.amg.RickMortyDemo;
				PRODUCT_NAME = "$(TARGET_NAME)";
				SWIFT_EMIT_LOC_STRINGS = YES;
				SWIFT_VERSION = 5.0;
				TARGETED_DEVICE_FAMILY = "1,2";
			};
			name = Release;
		};
		3AF089AD2B33518D00F70136 /* Debug */ = {
			isa = XCBuildConfiguration;
			buildSettings = {
				ALWAYS_EMBED_SWIFT_STANDARD_LIBRARIES = YES;
				BUNDLE_LOADER = "$(TEST_HOST)";
				CODE_SIGN_STYLE = Automatic;
				CURRENT_PROJECT_VERSION = 1;
				DEVELOPMENT_TEAM = 23N3747TFC;
				GENERATE_INFOPLIST_FILE = YES;
				IPHONEOS_DEPLOYMENT_TARGET = 17.2;
				MARKETING_VERSION = 1.0;
				PRODUCT_BUNDLE_IDENTIFIER = com.amg.RickMortyDemoTests;
				PRODUCT_NAME = "$(TARGET_NAME)";
				SWIFT_EMIT_LOC_STRINGS = NO;
				SWIFT_VERSION = 5.0;
				TARGETED_DEVICE_FAMILY = "1,2";
				TEST_HOST = "$(BUILT_PRODUCTS_DIR)/RickMortyDemo.app/$(BUNDLE_EXECUTABLE_FOLDER_PATH)/RickMortyDemo";
			};
			name = Debug;
		};
		3AF089AE2B33518D00F70136 /* Release */ = {
			isa = XCBuildConfiguration;
			buildSettings = {
				ALWAYS_EMBED_SWIFT_STANDARD_LIBRARIES = YES;
				BUNDLE_LOADER = "$(TEST_HOST)";
				CODE_SIGN_STYLE = Automatic;
				CURRENT_PROJECT_VERSION = 1;
				DEVELOPMENT_TEAM = 23N3747TFC;
				GENERATE_INFOPLIST_FILE = YES;
				IPHONEOS_DEPLOYMENT_TARGET = 17.2;
				MARKETING_VERSION = 1.0;
				PRODUCT_BUNDLE_IDENTIFIER = com.amg.RickMortyDemoTests;
				PRODUCT_NAME = "$(TARGET_NAME)";
				SWIFT_EMIT_LOC_STRINGS = NO;
				SWIFT_VERSION = 5.0;
				TARGETED_DEVICE_FAMILY = "1,2";
				TEST_HOST = "$(BUILT_PRODUCTS_DIR)/RickMortyDemo.app/$(BUNDLE_EXECUTABLE_FOLDER_PATH)/RickMortyDemo";
			};
			name = Release;
		};
		3AF089B02B33518D00F70136 /* Debug */ = {
			isa = XCBuildConfiguration;
			buildSettings = {
				ALWAYS_EMBED_SWIFT_STANDARD_LIBRARIES = YES;
				CODE_SIGN_STYLE = Automatic;
				CURRENT_PROJECT_VERSION = 1;
				DEVELOPMENT_TEAM = 23N3747TFC;
				GENERATE_INFOPLIST_FILE = YES;
				MARKETING_VERSION = 1.0;
				PRODUCT_BUNDLE_IDENTIFIER = com.amg.RickMortyDemoUITests;
				PRODUCT_NAME = "$(TARGET_NAME)";
				SWIFT_EMIT_LOC_STRINGS = NO;
				SWIFT_VERSION = 5.0;
				TARGETED_DEVICE_FAMILY = "1,2";
				TEST_TARGET_NAME = RickMortyDemo;
			};
			name = Debug;
		};
		3AF089B12B33518D00F70136 /* Release */ = {
			isa = XCBuildConfiguration;
			buildSettings = {
				ALWAYS_EMBED_SWIFT_STANDARD_LIBRARIES = YES;
				CODE_SIGN_STYLE = Automatic;
				CURRENT_PROJECT_VERSION = 1;
				DEVELOPMENT_TEAM = 23N3747TFC;
				GENERATE_INFOPLIST_FILE = YES;
				MARKETING_VERSION = 1.0;
				PRODUCT_BUNDLE_IDENTIFIER = com.amg.RickMortyDemoUITests;
				PRODUCT_NAME = "$(TARGET_NAME)";
				SWIFT_EMIT_LOC_STRINGS = NO;
				SWIFT_VERSION = 5.0;
				TARGETED_DEVICE_FAMILY = "1,2";
				TEST_TARGET_NAME = RickMortyDemo;
			};
			name = Release;
		};
/* End XCBuildConfiguration section */

/* Begin XCConfigurationList section */
		3AF0897E2B33518A00F70136 /* Build configuration list for PBXProject "RickMortyDemo" */ = {
			isa = XCConfigurationList;
			buildConfigurations = (
				3AF089A72B33518D00F70136 /* Debug */,
				3AF089A82B33518D00F70136 /* Release */,
			);
			defaultConfigurationIsVisible = 0;
			defaultConfigurationName = Release;
		};
		3AF089A92B33518D00F70136 /* Build configuration list for PBXNativeTarget "RickMortyDemo" */ = {
			isa = XCConfigurationList;
			buildConfigurations = (
				3AF089AA2B33518D00F70136 /* Debug */,
				3AF089AB2B33518D00F70136 /* Release */,
			);
			defaultConfigurationIsVisible = 0;
			defaultConfigurationName = Release;
		};
		3AF089AC2B33518D00F70136 /* Build configuration list for PBXNativeTarget "RickMortyDemoTests" */ = {
			isa = XCConfigurationList;
			buildConfigurations = (
				3AF089AD2B33518D00F70136 /* Debug */,
				3AF089AE2B33518D00F70136 /* Release */,
			);
			defaultConfigurationIsVisible = 0;
			defaultConfigurationName = Release;
		};
		3AF089AF2B33518D00F70136 /* Build configuration list for PBXNativeTarget "RickMortyDemoUITests" */ = {
			isa = XCConfigurationList;
			buildConfigurations = (
				3AF089B02B33518D00F70136 /* Debug */,
				3AF089B12B33518D00F70136 /* Release */,
			);
			defaultConfigurationIsVisible = 0;
			defaultConfigurationName = Release;
		};
/* End XCConfigurationList section */
	};
	rootObject = 3AF0897B2B33518A00F70136 /* Project object */;
}
